// !$*UTF8*$!
{
	archiveVersion = 1;
	classes = {
	};
	objectVersion = 55;
	objects = {

/* Begin PBXBuildFile section */
		344873FA287EEDAF0025542E /* JsonViewController.swift in Sources */ = {isa = PBXBuildFile; fileRef = 344873F9287EEDAF0025542E /* JsonViewController.swift */; };
		344873FD287EFE200025542E /* FirstViewController.swift in Sources */ = {isa = PBXBuildFile; fileRef = 344873FC287EFE200025542E /* FirstViewController.swift */; };
		344873FF287F00440025542E /* Country.swift in Sources */ = {isa = PBXBuildFile; fileRef = 344873FE287F00440025542E /* Country.swift */; };
		34487401287F09990025542E /* SecondViewController.swift in Sources */ = {isa = PBXBuildFile; fileRef = 34487400287F09990025542E /* SecondViewController.swift */; };
		344D4458287DC0DE00573430 /* AppDelegate.swift in Sources */ = {isa = PBXBuildFile; fileRef = 344D4457287DC0DE00573430 /* AppDelegate.swift */; };
		344D445A287DC0DE00573430 /* SceneDelegate.swift in Sources */ = {isa = PBXBuildFile; fileRef = 344D4459287DC0DE00573430 /* SceneDelegate.swift */; };
		344D445F287DC0DE00573430 /* Main.storyboard in Resources */ = {isa = PBXBuildFile; fileRef = 344D445D287DC0DE00573430 /* Main.storyboard */; };
		344D4461287DC0E000573430 /* Assets.xcassets in Resources */ = {isa = PBXBuildFile; fileRef = 344D4460287DC0E000573430 /* Assets.xcassets */; };
		344D4464287DC0E000573430 /* LaunchScreen.storyboard in Resources */ = {isa = PBXBuildFile; fileRef = 344D4462287DC0E000573430 /* LaunchScreen.storyboard */; };
		344D446C287DD3F700573430 /* CustomTableViewCell.swift in Sources */ = {isa = PBXBuildFile; fileRef = 344D446B287DD3F700573430 /* CustomTableViewCell.swift */; };
		34C7E09F287F17E6008B201C /* ThirdViewController.swift in Sources */ = {isa = PBXBuildFile; fileRef = 34C7E09E287F17E6008B201C /* ThirdViewController.swift */; };
		34F77DBE287ECDB100374F17 /* Friend.swift in Sources */ = {isa = PBXBuildFile; fileRef = 34F77DBD287ECDB100374F17 /* Friend.swift */; };
/* End PBXBuildFile section */

/* Begin PBXFileReference section */
		344873F9287EEDAF0025542E /* JsonViewController.swift */ = {isa = PBXFileReference; lastKnownFileType = sourcecode.swift; path = JsonViewController.swift; sourceTree = "<group>"; };
		344873FC287EFE200025542E /* FirstViewController.swift */ = {isa = PBXFileReference; lastKnownFileType = sourcecode.swift; path = FirstViewController.swift; sourceTree = "<group>"; };
		344873FE287F00440025542E /* Country.swift */ = {isa = PBXFileReference; lastKnownFileType = sourcecode.swift; path = Country.swift; sourceTree = "<group>"; };
		34487400287F09990025542E /* SecondViewController.swift */ = {isa = PBXFileReference; lastKnownFileType = sourcecode.swift; path = SecondViewController.swift; sourceTree = "<group>"; };
		344D4454287DC0DE00573430 /* Ch3_Weather.app */ = {isa = PBXFileReference; explicitFileType = wrapper.application; includeInIndex = 0; path = Ch3_Weather.app; sourceTree = BUILT_PRODUCTS_DIR; };
		344D4457287DC0DE00573430 /* AppDelegate.swift */ = {isa = PBXFileReference; lastKnownFileType = sourcecode.swift; path = AppDelegate.swift; sourceTree = "<group>"; };
		344D4459287DC0DE00573430 /* SceneDelegate.swift */ = {isa = PBXFileReference; lastKnownFileType = sourcecode.swift; path = SceneDelegate.swift; sourceTree = "<group>"; };
		344D445E287DC0DE00573430 /* Base */ = {isa = PBXFileReference; lastKnownFileType = file.storyboard; name = Base; path = Base.lproj/Main.storyboard; sourceTree = "<group>"; };
		344D4460287DC0E000573430 /* Assets.xcassets */ = {isa = PBXFileReference; lastKnownFileType = folder.assetcatalog; path = Assets.xcassets; sourceTree = "<group>"; };
		344D4463287DC0E000573430 /* Base */ = {isa = PBXFileReference; lastKnownFileType = file.storyboard; name = Base; path = Base.lproj/LaunchScreen.storyboard; sourceTree = "<group>"; };
		344D4465287DC0E000573430 /* Info.plist */ = {isa = PBXFileReference; lastKnownFileType = text.plist.xml; path = Info.plist; sourceTree = "<group>"; };
		344D446B287DD3F700573430 /* CustomTableViewCell.swift */ = {isa = PBXFileReference; lastKnownFileType = sourcecode.swift; path = CustomTableViewCell.swift; sourceTree = "<group>"; };
		34C7E09E287F17E6008B201C /* ThirdViewController.swift */ = {isa = PBXFileReference; lastKnownFileType = sourcecode.swift; path = ThirdViewController.swift; sourceTree = "<group>"; };
		34F77DBD287ECDB100374F17 /* Friend.swift */ = {isa = PBXFileReference; lastKnownFileType = sourcecode.swift; path = Friend.swift; sourceTree = "<group>"; };
/* End PBXFileReference section */

/* Begin PBXFrameworksBuildPhase section */
		344D4451287DC0DE00573430 /* Frameworks */ = {
			isa = PBXFrameworksBuildPhase;
			buildActionMask = 2147483647;
			files = (
			);
			runOnlyForDeploymentPostprocessing = 0;
		};
/* End PBXFrameworksBuildPhase section */

/* Begin PBXGroup section */
		344873FB287EFDFF0025542E /* PJ */ = {
			isa = PBXGroup;
			children = (
				344873FC287EFE200025542E /* FirstViewController.swift */,
				34487400287F09990025542E /* SecondViewController.swift */,
				34C7E09E287F17E6008B201C /* ThirdViewController.swift */,
				344873FE287F00440025542E /* Country.swift */,
			);
			path = PJ;
			sourceTree = "<group>";
		};
		344D444B287DC0DE00573430 = {
			isa = PBXGroup;
			children = (
				344D4456287DC0DE00573430 /* Ch3_Weather */,
				344D4455287DC0DE00573430 /* Products */,
			);
			sourceTree = "<group>";
		};
		344D4455287DC0DE00573430 /* Products */ = {
			isa = PBXGroup;
			children = (
				344D4454287DC0DE00573430 /* Ch3_Weather.app */,
			);
			name = Products;
			sourceTree = "<group>";
		};
		344D4456287DC0DE00573430 /* Ch3_Weather */ = {
			isa = PBXGroup;
			children = (
				344873FB287EFDFF0025542E /* PJ */,
				344D4457287DC0DE00573430 /* AppDelegate.swift */,
				344D4459287DC0DE00573430 /* SceneDelegate.swift */,
				344D446B287DD3F700573430 /* CustomTableViewCell.swift */,
				344D445D287DC0DE00573430 /* Main.storyboard */,
				344873F9287EEDAF0025542E /* JsonViewController.swift */,
				344D4460287DC0E000573430 /* Assets.xcassets */,
				34F77DBD287ECDB100374F17 /* Friend.swift */,
				344D4462287DC0E000573430 /* LaunchScreen.storyboard */,
				344D4465287DC0E000573430 /* Info.plist */,
			);
			path = Ch3_Weather;
			sourceTree = "<group>";
		};
/* End PBXGroup section */

/* Begin PBXNativeTarget section */
		344D4453287DC0DE00573430 /* Ch3_Weather */ = {
			isa = PBXNativeTarget;
			buildConfigurationList = 344D4468287DC0E000573430 /* Build configuration list for PBXNativeTarget "Ch3_Weather" */;
			buildPhases = (
				344D4450287DC0DE00573430 /* Sources */,
				344D4451287DC0DE00573430 /* Frameworks */,
				344D4452287DC0DE00573430 /* Resources */,
			);
			buildRules = (
			);
			dependencies = (
			);
			name = Ch3_Weather;
			productName = Ch3_Weather;
			productReference = 344D4454287DC0DE00573430 /* Ch3_Weather.app */;
			productType = "com.apple.product-type.application";
		};
/* End PBXNativeTarget section */

/* Begin PBXProject section */
		344D444C287DC0DE00573430 /* Project object */ = {
			isa = PBXProject;
			attributes = {
				BuildIndependentTargetsInParallel = 1;
				LastSwiftUpdateCheck = 1340;
				LastUpgradeCheck = 1340;
				TargetAttributes = {
					344D4453287DC0DE00573430 = {
						CreatedOnToolsVersion = 13.4.1;
					};
				};
			};
			buildConfigurationList = 344D444F287DC0DE00573430 /* Build configuration list for PBXProject "Ch3_Weather" */;
			compatibilityVersion = "Xcode 13.0";
			developmentRegion = en;
			hasScannedForEncodings = 0;
			knownRegions = (
				en,
				Base,
			);
			mainGroup = 344D444B287DC0DE00573430;
			productRefGroup = 344D4455287DC0DE00573430 /* Products */;
			projectDirPath = "";
			projectRoot = "";
			targets = (
				344D4453287DC0DE00573430 /* Ch3_Weather */,
			);
		};
/* End PBXProject section */

/* Begin PBXResourcesBuildPhase section */
		344D4452287DC0DE00573430 /* Resources */ = {
			isa = PBXResourcesBuildPhase;
			buildActionMask = 2147483647;
			files = (
				344D4464287DC0E000573430 /* LaunchScreen.storyboard in Resources */,
				344D4461287DC0E000573430 /* Assets.xcassets in Resources */,
				344D445F287DC0DE00573430 /* Main.storyboard in Resources */,
			);
			runOnlyForDeploymentPostprocessing = 0;
		};
/* End PBXResourcesBuildPhase section */

/* Begin PBXSourcesBuildPhase section */
		344D4450287DC0DE00573430 /* Sources */ = {
			isa = PBXSourcesBuildPhase;
			buildActionMask = 2147483647;
			files = (
				344873FF287F00440025542E /* Country.swift in Sources */,
				34C7E09F287F17E6008B201C /* ThirdViewController.swift in Sources */,
				344D4458287DC0DE00573430 /* AppDelegate.swift in Sources */,
				344873FA287EEDAF0025542E /* JsonViewController.swift in Sources */,
				344873FD287EFE200025542E /* FirstViewController.swift in Sources */,
				344D446C287DD3F700573430 /* CustomTableViewCell.swift in Sources */,
				34F77DBE287ECDB100374F17 /* Friend.swift in Sources */,
				34487401287F09990025542E /* SecondViewController.swift in Sources */,
				344D445A287DC0DE00573430 /* SceneDelegate.swift in Sources */,
			);
			runOnlyForDeploymentPostprocessing = 0;
		};
/* End PBXSourcesBuildPhase section */

/* Begin PBXVariantGroup section */
		344D445D287DC0DE00573430 /* Main.storyboard */ = {
			isa = PBXVariantGroup;
			children = (
				344D445E287DC0DE00573430 /* Base */,
			);
			name = Main.storyboard;
			sourceTree = "<group>";
		};
		344D4462287DC0E000573430 /* LaunchScreen.storyboard */ = {
			isa = PBXVariantGroup;
			children = (
				344D4463287DC0E000573430 /* Base */,
			);
			name = LaunchScreen.storyboard;
			sourceTree = "<group>";
		};
/* End PBXVariantGroup section */

/* Begin XCBuildConfiguration section */
		344D4466287DC0E000573430 /* Debug */ = {
			isa = XCBuildConfiguration;
			buildSettings = {
				ALWAYS_SEARCH_USER_PATHS = NO;
				CLANG_ANALYZER_NONNULL = YES;
				CLANG_ANALYZER_NUMBER_OBJECT_CONVERSION = YES_AGGRESSIVE;
				CLANG_CXX_LANGUAGE_STANDARD = "gnu++17";
				CLANG_ENABLE_MODULES = YES;
				CLANG_ENABLE_OBJC_ARC = YES;
				CLANG_ENABLE_OBJC_WEAK = YES;
				CLANG_WARN_BLOCK_CAPTURE_AUTORELEASING = YES;
				CLANG_WARN_BOOL_CONVERSION = YES;
				CLANG_WARN_COMMA = YES;
				CLANG_WARN_CONSTANT_CONVERSION = YES;
				CLANG_WARN_DEPRECATED_OBJC_IMPLEMENTATIONS = YES;
				CLANG_WARN_DIRECT_OBJC_ISA_USAGE = YES_ERROR;
				CLANG_WARN_DOCUMENTATION_COMMENTS = YES;
				CLANG_WARN_EMPTY_BODY = YES;
				CLANG_WARN_ENUM_CONVERSION = YES;
				CLANG_WARN_INFINITE_RECURSION = YES;
				CLANG_WARN_INT_CONVERSION = YES;
				CLANG_WARN_NON_LITERAL_NULL_CONVERSION = YES;
				CLANG_WARN_OBJC_IMPLICIT_RETAIN_SELF = YES;
				CLANG_WARN_OBJC_LITERAL_CONVERSION = YES;
				CLANG_WARN_OBJC_ROOT_CLASS = YES_ERROR;
				CLANG_WARN_QUOTED_INCLUDE_IN_FRAMEWORK_HEADER = YES;
				CLANG_WARN_RANGE_LOOP_ANALYSIS = YES;
				CLANG_WARN_STRICT_PROTOTYPES = YES;
				CLANG_WARN_SUSPICIOUS_MOVE = YES;
				CLANG_WARN_UNGUARDED_AVAILABILITY = YES_AGGRESSIVE;
				CLANG_WARN_UNREACHABLE_CODE = YES;
				CLANG_WARN__DUPLICATE_METHOD_MATCH = YES;
				COPY_PHASE_STRIP = NO;
				DEBUG_INFORMATION_FORMAT = dwarf;
				ENABLE_STRICT_OBJC_MSGSEND = YES;
				ENABLE_TESTABILITY = YES;
				GCC_C_LANGUAGE_STANDARD = gnu11;
				GCC_DYNAMIC_NO_PIC = NO;
				GCC_NO_COMMON_BLOCKS = YES;
				GCC_OPTIMIZATION_LEVEL = 0;
				GCC_PREPROCESSOR_DEFINITIONS = (
					"DEBUG=1",
					"$(inherited)",
				);
				GCC_WARN_64_TO_32_BIT_CONVERSION = YES;
				GCC_WARN_ABOUT_RETURN_TYPE = YES_ERROR;
				GCC_WARN_UNDECLARED_SELECTOR = YES;
				GCC_WARN_UNINITIALIZED_AUTOS = YES_AGGRESSIVE;
				GCC_WARN_UNUSED_FUNCTION = YES;
				GCC_WARN_UNUSED_VARIABLE = YES;
				IPHONEOS_DEPLOYMENT_TARGET = 15.5;
				MTL_ENABLE_DEBUG_INFO = INCLUDE_SOURCE;
				MTL_FAST_MATH = YES;
				ONLY_ACTIVE_ARCH = YES;
				SDKROOT = iphoneos;
				SWIFT_ACTIVE_COMPILATION_CONDITIONS = DEBUG;
				SWIFT_OPTIMIZATION_LEVEL = "-Onone";
			};
			name = Debug;
		};
		344D4467287DC0E000573430 /* Release */ = {
			isa = XCBuildConfiguration;
			buildSettings = {
				ALWAYS_SEARCH_USER_PATHS = NO;
				CLANG_ANALYZER_NONNULL = YES;
				CLANG_ANALYZER_NUMBER_OBJECT_CONVERSION = YES_AGGRESSIVE;
				CLANG_CXX_LANGUAGE_STANDARD = "gnu++17";
				CLANG_ENABLE_MODULES = YES;
				CLANG_ENABLE_OBJC_ARC = YES;
				CLANG_ENABLE_OBJC_WEAK = YES;
				CLANG_WARN_BLOCK_CAPTURE_AUTORELEASING = YES;
				CLANG_WARN_BOOL_CONVERSION = YES;
				CLANG_WARN_COMMA = YES;
				CLANG_WARN_CONSTANT_CONVERSION = YES;
				CLANG_WARN_DEPRECATED_OBJC_IMPLEMENTATIONS = YES;
				CLANG_WARN_DIRECT_OBJC_ISA_USAGE = YES_ERROR;
				CLANG_WARN_DOCUMENTATION_COMMENTS = YES;
				CLANG_WARN_EMPTY_BODY = YES;
				CLANG_WARN_ENUM_CONVERSION = YES;
				CLANG_WARN_INFINITE_RECURSION = YES;
				CLANG_WARN_INT_CONVERSION = YES;
				CLANG_WARN_NON_LITERAL_NULL_CONVERSION = YES;
				CLANG_WARN_OBJC_IMPLICIT_RETAIN_SELF = YES;
				CLANG_WARN_OBJC_LITERAL_CONVERSION = YES;
				CLANG_WARN_OBJC_ROOT_CLASS = YES_ERROR;
				CLANG_WARN_QUOTED_INCLUDE_IN_FRAMEWORK_HEADER = YES;
				CLANG_WARN_RANGE_LOOP_ANALYSIS = YES;
				CLANG_WARN_STRICT_PROTOTYPES = YES;
				CLANG_WARN_SUSPICIOUS_MOVE = YES;
				CLANG_WARN_UNGUARDED_AVAILABILITY = YES_AGGRESSIVE;
				CLANG_WARN_UNREACHABLE_CODE = YES;
				CLANG_WARN__DUPLICATE_METHOD_MATCH = YES;
				COPY_PHASE_STRIP = NO;
				DEBUG_INFORMATION_FORMAT = "dwarf-with-dsym";
				ENABLE_NS_ASSERTIONS = NO;
				ENABLE_STRICT_OBJC_MSGSEND = YES;
				GCC_C_LANGUAGE_STANDARD = gnu11;
				GCC_NO_COMMON_BLOCKS = YES;
				GCC_WARN_64_TO_32_BIT_CONVERSION = YES;
				GCC_WARN_ABOUT_RETURN_TYPE = YES_ERROR;
				GCC_WARN_UNDECLARED_SELECTOR = YES;
				GCC_WARN_UNINITIALIZED_AUTOS = YES_AGGRESSIVE;
				GCC_WARN_UNUSED_FUNCTION = YES;
				GCC_WARN_UNUSED_VARIABLE = YES;
				IPHONEOS_DEPLOYMENT_TARGET = 15.5;
				MTL_ENABLE_DEBUG_INFO = NO;
				MTL_FAST_MATH = YES;
				SDKROOT = iphoneos;
				SWIFT_COMPILATION_MODE = wholemodule;
				SWIFT_OPTIMIZATION_LEVEL = "-O";
				VALIDATE_PRODUCT = YES;
			};
			name = Release;
		};
		344D4469287DC0E000573430 /* Debug */ = {
			isa = XCBuildConfiguration;
			buildSettings = {
				ASSETCATALOG_COMPILER_APPICON_NAME = AppIcon;
				ASSETCATALOG_COMPILER_GLOBAL_ACCENT_COLOR_NAME = AccentColor;
				CODE_SIGN_STYLE = Automatic;
				CURRENT_PROJECT_VERSION = 1;
				DEVELOPMENT_TEAM = JPL38XBHJ4;
				GENERATE_INFOPLIST_FILE = YES;
				INFOPLIST_FILE = Ch3_Weather/Info.plist;
				INFOPLIST_KEY_UIApplicationSupportsIndirectInputEvents = YES;
				INFOPLIST_KEY_UILaunchStoryboardName = LaunchScreen;
				INFOPLIST_KEY_UIMainStoryboardFile = Main;
				INFOPLIST_KEY_UISupportedInterfaceOrientations_iPad = "UIInterfaceOrientationPortrait UIInterfaceOrientationPortraitUpsideDown UIInterfaceOrientationLandscapeLeft UIInterfaceOrientationLandscapeRight";
				INFOPLIST_KEY_UISupportedInterfaceOrientations_iPhone = "UIInterfaceOrientationPortrait UIInterfaceOrientationLandscapeLeft UIInterfaceOrientationLandscapeRight";
				LD_RUNPATH_SEARCH_PATHS = (
					"$(inherited)",
					"@executable_path/Frameworks",
				);
				MARKETING_VERSION = 1.0;
				PRODUCT_BUNDLE_IDENTIFIER = "com.led.Ch3-Weather";
				PRODUCT_NAME = "$(TARGET_NAME)";
				SWIFT_EMIT_LOC_STRINGS = YES;
				SWIFT_VERSION = 5.0;
				TARGETED_DEVICE_FAMILY = "1,2";
			};
			name = Debug;
		};
		344D446A287DC0E000573430 /* Release */ = {
			isa = XCBuildConfiguration;
			buildSettings = {
				ASSETCATALOG_COMPILER_APPICON_NAME = AppIcon;
				ASSETCATALOG_COMPILER_GLOBAL_ACCENT_COLOR_NAME = AccentColor;
				CODE_SIGN_STYLE = Automatic;
				CURRENT_PROJECT_VERSION = 1;
				DEVELOPMENT_TEAM = JPL38XBHJ4;
				GENERATE_INFOPLIST_FILE = YES;
				INFOPLIST_FILE = Ch3_Weather/Info.plist;
				INFOPLIST_KEY_UIApplicationSupportsIndirectInputEvents = YES;
				INFOPLIST_KEY_UILaunchStoryboardName = LaunchScreen;
				INFOPLIST_KEY_UIMainStoryboardFile = Main;
				INFOPLIST_KEY_UISupportedInterfaceOrientations_iPad = "UIInterfaceOrientationPortrait UIInterfaceOrientationPortraitUpsideDown UIInterfaceOrientationLandscapeLeft UIInterfaceOrientationLandscapeRight";
				INFOPLIST_KEY_UISupportedInterfaceOrientations_iPhone = "UIInterfaceOrientationPortrait UIInterfaceOrientationLandscapeLeft UIInterfaceOrientationLandscapeRight";
				LD_RUNPATH_SEARCH_PATHS = (
					"$(inherited)",
					"@executable_path/Frameworks",
				);
				MARKETING_VERSION = 1.0;
				PRODUCT_BUNDLE_IDENTIFIER = "com.led.Ch3-Weather";
				PRODUCT_NAME = "$(TARGET_NAME)";
				SWIFT_EMIT_LOC_STRINGS = YES;
				SWIFT_VERSION = 5.0;
				TARGETED_DEVICE_FAMILY = "1,2";
			};
			name = Release;
		};
/* End XCBuildConfiguration section */

/* Begin XCConfigurationList section */
		344D444F287DC0DE00573430 /* Build configuration list for PBXProject "Ch3_Weather" */ = {
			isa = XCConfigurationList;
			buildConfigurations = (
				344D4466287DC0E000573430 /* Debug */,
				344D4467287DC0E000573430 /* Release */,
			);
			defaultConfigurationIsVisible = 0;
			defaultConfigurationName = Release;
		};
		344D4468287DC0E000573430 /* Build configuration list for PBXNativeTarget "Ch3_Weather" */ = {
			isa = XCConfigurationList;
			buildConfigurations = (
				344D4469287DC0E000573430 /* Debug */,
				344D446A287DC0E000573430 /* Release */,
			);
			defaultConfigurationIsVisible = 0;
			defaultConfigurationName = Release;
		};
/* End XCConfigurationList section */
	};
	rootObject = 344D444C287DC0DE00573430 /* Project object */;
}
